// !$*UTF8*$!
{
	archiveVersion = 1;
	classes = {
	};
	objectVersion = 50;
	objects = {

/* Begin PBXBuildFile section */
		D915B3A8238B2004008E520D /* MechatronixVehicle.framework in Frameworks */ = {isa = PBXBuildFile; fileRef = D915B3A0238B2004008E520D /* MechatronixVehicle.framework */; };
		D915B3A9238B2004008E520D /* MechatronixRoad.framework in Frameworks */ = {isa = PBXBuildFile; fileRef = D915B3A1238B2004008E520D /* MechatronixRoad.framework */; };
		D915B3AA238B2004008E520D /* MechatronixManufacturing.framework in Frameworks */ = {isa = PBXBuildFile; fileRef = D915B3A2238B2004008E520D /* MechatronixManufacturing.framework */; };
		D915B3AB238B2004008E520D /* MechatronixAstro.framework in Frameworks */ = {isa = PBXBuildFile; fileRef = D915B3A3238B2004008E520D /* MechatronixAstro.framework */; };
		D915B3AD238B2004008E520D /* MechatronixODE.framework in Frameworks */ = {isa = PBXBuildFile; fileRef = D915B3A5238B2004008E520D /* MechatronixODE.framework */; };
		D915B3AE238B2004008E520D /* MechatronixInterfaceMruby.framework in Frameworks */ = {isa = PBXBuildFile; fileRef = D915B3A6238B2004008E520D /* MechatronixInterfaceMruby.framework */; };
		D915B3AF238B2004008E520D /* MechatronixCore.framework in Frameworks */ = {isa = PBXBuildFile; fileRef = D915B3A7238B2004008E520D /* MechatronixCore.framework */; };
		D915B3B2238B2050008E520D /* Accelerate.framework in Frameworks */ = {isa = PBXBuildFile; fileRef = D915B3B1238B2050008E520D /* Accelerate.framework */; };
		D947B4EE238F0DEA00A77EEE /* gtocX_2burn_pars_Guess.cc in Sources */ = {isa = PBXBuildFile; fileRef = D947B4DD238F0DEA00A77EEE /* gtocX_2burn_pars_Guess.cc */; };
		D947B4EF238F0DEA00A77EEE /* gtocX_2burn_pars_Methods_AdjointODE.cc in Sources */ = {isa = PBXBuildFile; fileRef = D947B4DE238F0DEA00A77EEE /* gtocX_2burn_pars_Methods_AdjointODE.cc */; };
		D947B4F0238F0DEA00A77EEE /* gtocX_2burn_pars_Methods_problem.cc in Sources */ = {isa = PBXBuildFile; fileRef = D947B4DF238F0DEA00A77EEE /* gtocX_2burn_pars_Methods_problem.cc */; };
		D947B4F1238F0DEA00A77EEE /* gtocX_2burn_interface.cc in Sources */ = {isa = PBXBuildFile; fileRef = D947B4E0238F0DEA00A77EEE /* gtocX_2burn_interface.cc */; };
		D947B4F2238F0DEA00A77EEE /* gtocX_2burn_pars_Methods_ODE.cc in Sources */ = {isa = PBXBuildFile; fileRef = D947B4E1238F0DEA00A77EEE /* gtocX_2burn_pars_Methods_ODE.cc */; };
		D947B4F3238F0DEA00A77EEE /* gtocX_2burn_pars.cc in Sources */ = {isa = PBXBuildFile; fileRef = D947B4E2238F0DEA00A77EEE /* gtocX_2burn_pars.cc */; };
		D947B4F4238F0DEA00A77EEE /* gtocX_2burn_pars_Methods_boundary_conditions.cc in Sources */ = {isa = PBXBuildFile; fileRef = D947B4E8238F0DEA00A77EEE /* gtocX_2burn_pars_Methods_boundary_conditions.cc */; };
		D947B4F5238F0DEA00A77EEE /* gtocX_2burn_pars_dll_ruby.cc in Sources */ = {isa = PBXBuildFile; fileRef = D947B4E9238F0DEA00A77EEE /* gtocX_2burn_pars_dll_ruby.cc */; };
		D947B4F6238F0DEA00A77EEE /* gtocX_2burn_pars_dll_pins.cc in Sources */ = {isa = PBXBuildFile; fileRef = D947B4EA238F0DEA00A77EEE /* gtocX_2burn_pars_dll_pins.cc */; };
		D947B4F7238F0DEA00A77EEE /* gtocX.cc in Sources */ = {isa = PBXBuildFile; fileRef = D947B4EB238F0DEA00A77EEE /* gtocX.cc */; };
		D947B4F8238F0DEA00A77EEE /* gtocX_2burn_pars_Methods_controls.cc in Sources */ = {isa = PBXBuildFile; fileRef = D947B4ED238F0DEA00A77EEE /* gtocX_2burn_pars_Methods_controls.cc */; };
		D947B4FA238F0DFA00A77EEE /* gtocX_2burn_pars_Main.cc in Sources */ = {isa = PBXBuildFile; fileRef = D947B4F9238F0DF900A77EEE /* gtocX_2burn_pars_Main.cc */; };
		D947B542238F0F9900A77EEE /* Discretized_Indirect_OCP_Guess.cc in Sources */ = {isa = PBXBuildFile; fileRef = D947B4FD238F0F9900A77EEE /* Discretized_Indirect_OCP_Guess.cc */; };
		D947B543238F0F9900A77EEE /* Discretized_Indirect_OCP_FD.cc in Sources */ = {isa = PBXBuildFile; fileRef = D947B4FF238F0F9900A77EEE /* Discretized_Indirect_OCP_FD.cc */; };
		D947B544238F0F9900A77EEE /* Discretized_Indirect_OCP_Check.cc in Sources */ = {isa = PBXBuildFile; fileRef = D947B500238F0F9900A77EEE /* Discretized_Indirect_OCP_Check.cc */; };
		D947B545238F0F9900A77EEE /* Discretized_Indirect_OCP_NLBLOCKS.cc in Sources */ = {isa = PBXBuildFile; fileRef = D947B502238F0F9900A77EEE /* Discretized_Indirect_OCP_NLBLOCKS.cc */; };
		D947B546238F0F9900A77EEE /* OCP.cc in Sources */ = {isa = PBXBuildFile; fileRef = D947B503238F0F9900A77EEE /* OCP.cc */; };
		D947B547238F0F9900A77EEE /* Indirect_OCP.cc in Sources */ = {isa = PBXBuildFile; fileRef = D947B505238F0F9900A77EEE /* Indirect_OCP.cc */; };
		D947B548238F0F9900A77EEE /* Indirect_OCP_U.cc in Sources */ = {isa = PBXBuildFile; fileRef = D947B507238F0F9900A77EEE /* Indirect_OCP_U.cc */; };
		D947B549238F0F9900A77EEE /* Indirect_OCP_BC.cc in Sources */ = {isa = PBXBuildFile; fileRef = D947B508238F0F9900A77EEE /* Indirect_OCP_BC.cc */; };
		D947B54A238F0F9900A77EEE /* Discretized_Indirect_OCP_IO.cc in Sources */ = {isa = PBXBuildFile; fileRef = D947B50A238F0F9900A77EEE /* Discretized_Indirect_OCP_IO.cc */; };
		D947B54B238F0F9900A77EEE /* Discretized_Indirect_OCP.cc in Sources */ = {isa = PBXBuildFile; fileRef = D947B50B238F0F9900A77EEE /* Discretized_Indirect_OCP.cc */; };
		D947B55F238F0F9900A77EEE /* Discretized_Indirect_OCP_NLSYS.cc in Sources */ = {isa = PBXBuildFile; fileRef = D947B540238F0F9900A77EEE /* Discretized_Indirect_OCP_NLSYS.cc */; };
		D947B562238F104800A77EEE /* libAlglin_osx_static.a in Frameworks */ = {isa = PBXBuildFile; fileRef = D947B560238F104800A77EEE /* libAlglin_osx_static.a */; };
		D947B563238F104800A77EEE /* liblapack_wrapper_osx_static.a in Frameworks */ = {isa = PBXBuildFile; fileRef = D947B561238F104800A77EEE /* liblapack_wrapper_osx_static.a */; };
		D947B565238F10BF00A77EEE /* libsuperlu_osx_static.a in Frameworks */ = {isa = PBXBuildFile; fileRef = D947B564238F10BF00A77EEE /* libsuperlu_osx_static.a */; };
/* End PBXBuildFile section */

/* Begin PBXCopyFilesBuildPhase section */
		D95CE56A238B1F84004B795F /* CopyFiles */ = {
			isa = PBXCopyFilesBuildPhase;
			buildActionMask = 2147483647;
			dstPath = /usr/share/man/man1/;
			dstSubfolderSpec = 0;
			files = (
			);
			runOnlyForDeploymentPostprocessing = 1;
		};
/* End PBXCopyFilesBuildPhase section */

/* Begin PBXFileReference section */
		D915B3A0238B2004008E520D /* MechatronixVehicle.framework */ = {isa = PBXFileReference; lastKnownFileType = wrapper.framework; name = MechatronixVehicle.framework; path = ../../../../../../../../../../Library/Frameworks/MechatronixVehicle.framework; sourceTree = "<group>"; };
		D915B3A1238B2004008E520D /* MechatronixRoad.framework */ = {isa = PBXFileReference; lastKnownFileType = wrapper.framework; name = MechatronixRoad.framework; path = ../../../../../../../../../../Library/Frameworks/MechatronixRoad.framework; sourceTree = "<group>"; };
		D915B3A2238B2004008E520D /* MechatronixManufacturing.framework */ = {isa = PBXFileReference; lastKnownFileType = wrapper.framework; name = MechatronixManufacturing.framework; path = ../../../../../../../../../../Library/Frameworks/MechatronixManufacturing.framework; sourceTree = "<group>"; };
		D915B3A3238B2004008E520D /* MechatronixAstro.framework */ = {isa = PBXFileReference; lastKnownFileType = wrapper.framework; name = MechatronixAstro.framework; path = ../../../../../../../../../../Library/Frameworks/MechatronixAstro.framework; sourceTree = "<group>"; };
		D915B3A5238B2004008E520D /* MechatronixODE.framework */ = {isa = PBXFileReference; lastKnownFileType = wrapper.framework; name = MechatronixODE.framework; path = ../../../../../../../../../../Library/Frameworks/MechatronixODE.framework; sourceTree = "<group>"; };
		D915B3A6238B2004008E520D /* MechatronixInterfaceMruby.framework */ = {isa = PBXFileReference; lastKnownFileType = wrapper.framework; name = MechatronixInterfaceMruby.framework; path = ../../../../../../../../../../Library/Frameworks/MechatronixInterfaceMruby.framework; sourceTree = "<group>"; };
		D915B3A7238B2004008E520D /* MechatronixCore.framework */ = {isa = PBXFileReference; lastKnownFileType = wrapper.framework; name = MechatronixCore.framework; path = ../../../../../../../../../../Library/Frameworks/MechatronixCore.framework; sourceTree = "<group>"; };
		D915B3B1238B2050008E520D /* Accelerate.framework */ = {isa = PBXFileReference; lastKnownFileType = wrapper.framework; name = Accelerate.framework; path = System/Library/Frameworks/Accelerate.framework; sourceTree = SDKROOT; };
		D947B4DD238F0DEA00A77EEE /* gtocX_2burn_pars_Guess.cc */ = {isa = PBXFileReference; fileEncoding = 4; lastKnownFileType = sourcecode.cpp.cpp; path = gtocX_2burn_pars_Guess.cc; sourceTree = "<group>"; };
		D947B4DE238F0DEA00A77EEE /* gtocX_2burn_pars_Methods_AdjointODE.cc */ = {isa = PBXFileReference; fileEncoding = 4; lastKnownFileType = sourcecode.cpp.cpp; path = gtocX_2burn_pars_Methods_AdjointODE.cc; sourceTree = "<group>"; };
		D947B4DF238F0DEA00A77EEE /* gtocX_2burn_pars_Methods_problem.cc */ = {isa = PBXFileReference; fileEncoding = 4; lastKnownFileType = sourcecode.cpp.cpp; path = gtocX_2burn_pars_Methods_problem.cc; sourceTree = "<group>"; };
		D947B4E0238F0DEA00A77EEE /* gtocX_2burn_interface.cc */ = {isa = PBXFileReference; fileEncoding = 4; lastKnownFileType = sourcecode.cpp.cpp; path = gtocX_2burn_interface.cc; sourceTree = "<group>"; };
		D947B4E1238F0DEA00A77EEE /* gtocX_2burn_pars_Methods_ODE.cc */ = {isa = PBXFileReference; fileEncoding = 4; lastKnownFileType = sourcecode.cpp.cpp; path = gtocX_2burn_pars_Methods_ODE.cc; sourceTree = "<group>"; };
		D947B4E2238F0DEA00A77EEE /* gtocX_2burn_pars.cc */ = {isa = PBXFileReference; fileEncoding = 4; lastKnownFileType = sourcecode.cpp.cpp; path = gtocX_2burn_pars.cc; sourceTree = "<group>"; };
		D947B4E3238F0DEA00A77EEE /* gtocX_utils.hh */ = {isa = PBXFileReference; fileEncoding = 4; lastKnownFileType = sourcecode.cpp.h; path = gtocX_utils.hh; sourceTree = "<group>"; };
		D947B4E4238F0DEA00A77EEE /* gtocX_2burn_pars_Pars.hh */ = {isa = PBXFileReference; fileEncoding = 4; lastKnownFileType = sourcecode.cpp.h; path = gtocX_2burn_pars_Pars.hh; sourceTree = "<group>"; };
		D947B4E5238F0DEA00A77EEE /* gtocX_2burn_pars_dll_ruby.hh */ = {isa = PBXFileReference; fileEncoding = 4; lastKnownFileType = sourcecode.cpp.h; path = gtocX_2burn_pars_dll_ruby.hh; sourceTree = "<group>"; };
		D947B4E6238F0DEA00A77EEE /* gtocX.hh */ = {isa = PBXFileReference; fileEncoding = 4; lastKnownFileType = sourcecode.cpp.h; path = gtocX.hh; sourceTree = "<group>"; };
		D947B4E7238F0DEA00A77EEE /* gtocX_2burn_pars_dll_pins.hh */ = {isa = PBXFileReference; fileEncoding = 4; lastKnownFileType = sourcecode.cpp.h; path = gtocX_2burn_pars_dll_pins.hh; sourceTree = "<group>"; };
		D947B4E8238F0DEA00A77EEE /* gtocX_2burn_pars_Methods_boundary_conditions.cc */ = {isa = PBXFileReference; fileEncoding = 4; lastKnownFileType = sourcecode.cpp.cpp; path = gtocX_2burn_pars_Methods_boundary_conditions.cc; sourceTree = "<group>"; };
		D947B4E9238F0DEA00A77EEE /* gtocX_2burn_pars_dll_ruby.cc */ = {isa = PBXFileReference; fileEncoding = 4; lastKnownFileType = sourcecode.cpp.cpp; path = gtocX_2burn_pars_dll_ruby.cc; sourceTree = "<group>"; };
		D947B4EA238F0DEA00A77EEE /* gtocX_2burn_pars_dll_pins.cc */ = {isa = PBXFileReference; fileEncoding = 4; lastKnownFileType = sourcecode.cpp.cpp; path = gtocX_2burn_pars_dll_pins.cc; sourceTree = "<group>"; };
		D947B4EB238F0DEA00A77EEE /* gtocX.cc */ = {isa = PBXFileReference; fileEncoding = 4; lastKnownFileType = sourcecode.cpp.cpp; path = gtocX.cc; sourceTree = "<group>"; };
		D947B4EC238F0DEA00A77EEE /* gtocX_2burn_pars.hh */ = {isa = PBXFileReference; fileEncoding = 4; lastKnownFileType = sourcecode.cpp.h; path = gtocX_2burn_pars.hh; sourceTree = "<group>"; };
		D947B4ED238F0DEA00A77EEE /* gtocX_2burn_pars_Methods_controls.cc */ = {isa = PBXFileReference; fileEncoding = 4; lastKnownFileType = sourcecode.cpp.cpp; path = gtocX_2burn_pars_Methods_controls.cc; sourceTree = "<group>"; };
		D947B4F9238F0DF900A77EEE /* gtocX_2burn_pars_Main.cc */ = {isa = PBXFileReference; fileEncoding = 4; lastKnownFileType = sourcecode.cpp.cpp; name = gtocX_2burn_pars_Main.cc; path = "../ocp-interfaces/cpp/gtocX_2burn_pars_Main.cc"; sourceTree = "<group>"; };
		D947B4FD238F0F9900A77EEE /* Discretized_Indirect_OCP_Guess.cc */ = {isa = PBXFileReference; fileEncoding = 4; lastKnownFileType = sourcecode.cpp.cpp; path = Discretized_Indirect_OCP_Guess.cc; sourceTree = "<group>"; };
		D947B4FE238F0F9900A77EEE /* Indirect_OCP_methods.hxx */ = {isa = PBXFileReference; fileEncoding = 4; lastKnownFileType = sourcecode.cpp.h; path = Indirect_OCP_methods.hxx; sourceTree = "<group>"; };
		D947B4FF238F0F9900A77EEE /* Discretized_Indirect_OCP_FD.cc */ = {isa = PBXFileReference; fileEncoding = 4; lastKnownFileType = sourcecode.cpp.cpp; path = Discretized_Indirect_OCP_FD.cc; sourceTree = "<group>"; };
		D947B500238F0F9900A77EEE /* Discretized_Indirect_OCP_Check.cc */ = {isa = PBXFileReference; fileEncoding = 4; lastKnownFileType = sourcecode.cpp.cpp; path = Discretized_Indirect_OCP_Check.cc; sourceTree = "<group>"; };
		D947B501238F0F9900A77EEE /* MechatronixSolver.hh */ = {isa = PBXFileReference; fileEncoding = 4; lastKnownFileType = sourcecode.cpp.h; path = MechatronixSolver.hh; sourceTree = "<group>"; };
		D947B502238F0F9900A77EEE /* Discretized_Indirect_OCP_NLBLOCKS.cc */ = {isa = PBXFileReference; fileEncoding = 4; lastKnownFileType = sourcecode.cpp.cpp; path = Discretized_Indirect_OCP_NLBLOCKS.cc; sourceTree = "<group>"; };
		D947B503238F0F9900A77EEE /* OCP.cc */ = {isa = PBXFileReference; fileEncoding = 4; lastKnownFileType = sourcecode.cpp.cpp; path = OCP.cc; sourceTree = "<group>"; };
		D947B505238F0F9900A77EEE /* Indirect_OCP.cc */ = {isa = PBXFileReference; fileEncoding = 4; lastKnownFileType = sourcecode.cpp.cpp; path = Indirect_OCP.cc; sourceTree = "<group>"; };
		D947B507238F0F9900A77EEE /* Indirect_OCP_U.cc */ = {isa = PBXFileReference; fileEncoding = 4; lastKnownFileType = sourcecode.cpp.cpp; path = Indirect_OCP_U.cc; sourceTree = "<group>"; };
		D947B508238F0F9900A77EEE /* Indirect_OCP_BC.cc */ = {isa = PBXFileReference; fileEncoding = 4; lastKnownFileType = sourcecode.cpp.cpp; path = Indirect_OCP_BC.cc; sourceTree = "<group>"; };
		D947B509238F0F9900A77EEE /* OCP_methods.hxx */ = {isa = PBXFileReference; fileEncoding = 4; lastKnownFileType = sourcecode.cpp.h; path = OCP_methods.hxx; sourceTree = "<group>"; };
		D947B50A238F0F9900A77EEE /* Discretized_Indirect_OCP_IO.cc */ = {isa = PBXFileReference; fileEncoding = 4; lastKnownFileType = sourcecode.cpp.cpp; path = Discretized_Indirect_OCP_IO.cc; sourceTree = "<group>"; };
		D947B50B238F0F9900A77EEE /* Discretized_Indirect_OCP.cc */ = {isa = PBXFileReference; fileEncoding = 4; lastKnownFileType = sourcecode.cpp.cpp; path = Discretized_Indirect_OCP.cc; sourceTree = "<group>"; };
		D947B53E238F0F9900A77EEE /* Discretized_Indirect_OCP.hh */ = {isa = PBXFileReference; fileEncoding = 4; lastKnownFileType = sourcecode.cpp.h; path = Discretized_Indirect_OCP.hh; sourceTree = "<group>"; };
		D947B53F238F0F9900A77EEE /* OCP.hh */ = {isa = PBXFileReference; fileEncoding = 4; lastKnownFileType = sourcecode.cpp.h; path = OCP.hh; sourceTree = "<group>"; };
		D947B540238F0F9900A77EEE /* Discretized_Indirect_OCP_NLSYS.cc */ = {isa = PBXFileReference; fileEncoding = 4; lastKnownFileType = sourcecode.cpp.cpp; path = Discretized_Indirect_OCP_NLSYS.cc; sourceTree = "<group>"; };
		D947B541238F0F9900A77EEE /* Indirect_OCP.hh */ = {isa = PBXFileReference; fileEncoding = 4; lastKnownFileType = sourcecode.cpp.h; path = Indirect_OCP.hh; sourceTree = "<group>"; };
		D947B560238F104800A77EEE /* libAlglin_osx_static.a */ = {isa = PBXFileReference; lastKnownFileType = archive.ar; name = libAlglin_osx_static.a; path = ../../../../LibSources/os_mac/lib/libAlglin_osx_static.a; sourceTree = "<group>"; };
		D947B561238F104800A77EEE /* liblapack_wrapper_osx_static.a */ = {isa = PBXFileReference; lastKnownFileType = archive.ar; name = liblapack_wrapper_osx_static.a; path = ../../../../LibSources/os_mac/lib/liblapack_wrapper_osx_static.a; sourceTree = "<group>"; };
		D947B564238F10BF00A77EEE /* libsuperlu_osx_static.a */ = {isa = PBXFileReference; lastKnownFileType = archive.ar; name = libsuperlu_osx_static.a; path = ../../../../LibSources/os_mac/lib/libsuperlu_osx_static.a; sourceTree = "<group>"; };
		D95CE56C238B1F84004B795F /* GTOC */ = {isa = PBXFileReference; explicitFileType = "compiled.mach-o.executable"; includeInIndex = 0; path = GTOC; sourceTree = BUILT_PRODUCTS_DIR; };
/* End PBXFileReference section */

/* Begin PBXFrameworksBuildPhase section */
		D95CE569238B1F84004B795F /* Frameworks */ = {
			isa = PBXFrameworksBuildPhase;
			buildActionMask = 2147483647;
			files = (
				D915B3AF238B2004008E520D /* MechatronixCore.framework in Frameworks */,
				D915B3A8238B2004008E520D /* MechatronixVehicle.framework in Frameworks */,
				D915B3AB238B2004008E520D /* MechatronixAstro.framework in Frameworks */,
				D947B565238F10BF00A77EEE /* libsuperlu_osx_static.a in Frameworks */,
				D915B3AD238B2004008E520D /* MechatronixODE.framework in Frameworks */,
				D947B562238F104800A77EEE /* libAlglin_osx_static.a in Frameworks */,
				D915B3AE238B2004008E520D /* MechatronixInterfaceMruby.framework in Frameworks */,
				D915B3A9238B2004008E520D /* MechatronixRoad.framework in Frameworks */,
				D915B3B2238B2050008E520D /* Accelerate.framework in Frameworks */,
				D947B563238F104800A77EEE /* liblapack_wrapper_osx_static.a in Frameworks */,
				D915B3AA238B2004008E520D /* MechatronixManufacturing.framework in Frameworks */,
			);
			runOnlyForDeploymentPostprocessing = 0;
		};
/* End PBXFrameworksBuildPhase section */

/* Begin PBXGroup section */
		D915B3B0238B2050008E520D /* Frameworks */ = {
			isa = PBXGroup;
			children = (
				D915B3B1238B2050008E520D /* Accelerate.framework */,
			);
			name = Frameworks;
			sourceTree = "<group>";
		};
		D947B4DC238F0DEA00A77EEE /* ocp-src */ = {
			isa = PBXGroup;
			children = (
				D947B4DD238F0DEA00A77EEE /* gtocX_2burn_pars_Guess.cc */,
				D947B4DE238F0DEA00A77EEE /* gtocX_2burn_pars_Methods_AdjointODE.cc */,
				D947B4DF238F0DEA00A77EEE /* gtocX_2burn_pars_Methods_problem.cc */,
				D947B4E0238F0DEA00A77EEE /* gtocX_2burn_interface.cc */,
				D947B4E1238F0DEA00A77EEE /* gtocX_2burn_pars_Methods_ODE.cc */,
				D947B4E2238F0DEA00A77EEE /* gtocX_2burn_pars.cc */,
				D947B4E3238F0DEA00A77EEE /* gtocX_utils.hh */,
				D947B4E4238F0DEA00A77EEE /* gtocX_2burn_pars_Pars.hh */,
				D947B4E5238F0DEA00A77EEE /* gtocX_2burn_pars_dll_ruby.hh */,
				D947B4E6238F0DEA00A77EEE /* gtocX.hh */,
				D947B4E7238F0DEA00A77EEE /* gtocX_2burn_pars_dll_pins.hh */,
				D947B4E8238F0DEA00A77EEE /* gtocX_2burn_pars_Methods_boundary_conditions.cc */,
				D947B4E9238F0DEA00A77EEE /* gtocX_2burn_pars_dll_ruby.cc */,
				D947B4EA238F0DEA00A77EEE /* gtocX_2burn_pars_dll_pins.cc */,
				D947B4EB238F0DEA00A77EEE /* gtocX.cc */,
				D947B4EC238F0DEA00A77EEE /* gtocX_2burn_pars.hh */,
				D947B4ED238F0DEA00A77EEE /* gtocX_2burn_pars_Methods_controls.cc */,
			);
			name = "ocp-src";
			path = "../ocp-src";
			sourceTree = "<group>";
		};
		D947B4FB238F0F9900A77EEE /* MechatronixSolver */ = {
			isa = PBXGroup;
			children = (
				D947B501238F0F9900A77EEE /* MechatronixSolver.hh */,
				D947B53F238F0F9900A77EEE /* OCP.hh */,
				D947B503238F0F9900A77EEE /* OCP.cc */,
				D947B509238F0F9900A77EEE /* OCP_methods.hxx */,
				D947B4FE238F0F9900A77EEE /* Indirect_OCP_methods.hxx */,
				D947B541238F0F9900A77EEE /* Indirect_OCP.hh */,
				D947B505238F0F9900A77EEE /* Indirect_OCP.cc */,
				D947B507238F0F9900A77EEE /* Indirect_OCP_U.cc */,
				D947B508238F0F9900A77EEE /* Indirect_OCP_BC.cc */,
				D947B53E238F0F9900A77EEE /* Discretized_Indirect_OCP.hh */,
				D947B4FD238F0F9900A77EEE /* Discretized_Indirect_OCP_Guess.cc */,
				D947B4FF238F0F9900A77EEE /* Discretized_Indirect_OCP_FD.cc */,
				D947B500238F0F9900A77EEE /* Discretized_Indirect_OCP_Check.cc */,
				D947B502238F0F9900A77EEE /* Discretized_Indirect_OCP_NLBLOCKS.cc */,
				D947B50A238F0F9900A77EEE /* Discretized_Indirect_OCP_IO.cc */,
				D947B50B238F0F9900A77EEE /* Discretized_Indirect_OCP.cc */,
				D947B540238F0F9900A77EEE /* Discretized_Indirect_OCP_NLSYS.cc */,
			);
			name = MechatronixSolver;
			path = ../../../../LibSources/src/MechatronixSolver;
			sourceTree = "<group>";
		};
		D95CE563238B1F84004B795F = {
			isa = PBXGroup;
			children = (
				D947B564238F10BF00A77EEE /* libsuperlu_osx_static.a */,
				D947B560238F104800A77EEE /* libAlglin_osx_static.a */,
				D947B561238F104800A77EEE /* liblapack_wrapper_osx_static.a */,
				D915B3A3238B2004008E520D /* MechatronixAstro.framework */,
				D915B3A7238B2004008E520D /* MechatronixCore.framework */,
				D915B3A6238B2004008E520D /* MechatronixInterfaceMruby.framework */,
				D915B3A2238B2004008E520D /* MechatronixManufacturing.framework */,
				D915B3A5238B2004008E520D /* MechatronixODE.framework */,
				D915B3A1238B2004008E520D /* MechatronixRoad.framework */,
				D915B3A0238B2004008E520D /* MechatronixVehicle.framework */,
				D947B4DC238F0DEA00A77EEE /* ocp-src */,
				D95CE56D238B1F84004B795F /* Products */,
				D947B4FB238F0F9900A77EEE /* MechatronixSolver */,
				D915B3B0238B2050008E520D /* Frameworks */,
				D947B4F9238F0DF900A77EEE /* gtocX_2burn_pars_Main.cc */,
			);
			sourceTree = "<group>";
		};
		D95CE56D238B1F84004B795F /* Products */ = {
			isa = PBXGroup;
			children = (
				D95CE56C238B1F84004B795F /* GTOC */,
			);
			name = Products;
			sourceTree = "<group>";
		};
/* End PBXGroup section */

/* Begin PBXNativeTarget section */
		D95CE56B238B1F84004B795F /* GTOC */ = {
			isa = PBXNativeTarget;
			buildConfigurationList = D95CE573238B1F84004B795F /* Build configuration list for PBXNativeTarget "GTOC" */;
			buildPhases = (
				D95CE568238B1F84004B795F /* Sources */,
				D95CE569238B1F84004B795F /* Frameworks */,
				D95CE56A238B1F84004B795F /* CopyFiles */,
			);
			buildRules = (
			);
			dependencies = (
			);
			name = GTOC;
			productName = Train;
			productReference = D95CE56C238B1F84004B795F /* GTOC */;
			productType = "com.apple.product-type.tool";
		};
/* End PBXNativeTarget section */

/* Begin PBXProject section */
		D95CE564238B1F84004B795F /* Project object */ = {
			isa = PBXProject;
			attributes = {
				LastUpgradeCheck = 1120;
				ORGANIZATIONNAME = "Enrico Bertolazzi";
				TargetAttributes = {
					D95CE56B238B1F84004B795F = {
						CreatedOnToolsVersion = 11.2.1;
					};
				};
			};
			buildConfigurationList = D95CE567238B1F84004B795F /* Build configuration list for PBXProject "GTOC" */;
			compatibilityVersion = "Xcode 9.3";
			developmentRegion = en;
			hasScannedForEncodings = 0;
			knownRegions = (
				en,
				Base,
			);
			mainGroup = D95CE563238B1F84004B795F;
			productRefGroup = D95CE56D238B1F84004B795F /* Products */;
			projectDirPath = "";
			projectRoot = "";
			targets = (
				D95CE56B238B1F84004B795F /* GTOC */,
			);
		};
/* End PBXProject section */

/* Begin PBXSourcesBuildPhase section */
		D95CE568238B1F84004B795F /* Sources */ = {
			isa = PBXSourcesBuildPhase;
			buildActionMask = 2147483647;
			files = (
				D947B4F0238F0DEA00A77EEE /* gtocX_2burn_pars_Methods_problem.cc in Sources */,
				D947B4F5238F0DEA00A77EEE /* gtocX_2burn_pars_dll_ruby.cc in Sources */,
				D947B544238F0F9900A77EEE /* Discretized_Indirect_OCP_Check.cc in Sources */,
				D947B4F7238F0DEA00A77EEE /* gtocX.cc in Sources */,
				D947B543238F0F9900A77EEE /* Discretized_Indirect_OCP_FD.cc in Sources */,
				D947B54A238F0F9900A77EEE /* Discretized_Indirect_OCP_IO.cc in Sources */,
				D947B549238F0F9900A77EEE /* Indirect_OCP_BC.cc in Sources */,
				D947B4F3238F0DEA00A77EEE /* gtocX_2burn_pars.cc in Sources */,
				D947B546238F0F9900A77EEE /* OCP.cc in Sources */,
				D947B55F238F0F9900A77EEE /* Discretized_Indirect_OCP_NLSYS.cc in Sources */,
				D947B548238F0F9900A77EEE /* Indirect_OCP_U.cc in Sources */,
				D947B4F1238F0DEA00A77EEE /* gtocX_2burn_interface.cc in Sources */,
				D947B54B238F0F9900A77EEE /* Discretized_Indirect_OCP.cc in Sources */,
				D947B4F4238F0DEA00A77EEE /* gtocX_2burn_pars_Methods_boundary_conditions.cc in Sources */,
				D947B4EE238F0DEA00A77EEE /* gtocX_2burn_pars_Guess.cc in Sources */,
				D947B4F8238F0DEA00A77EEE /* gtocX_2burn_pars_Methods_controls.cc in Sources */,
				D947B4EF238F0DEA00A77EEE /* gtocX_2burn_pars_Methods_AdjointODE.cc in Sources */,
				D947B545238F0F9900A77EEE /* Discretized_Indirect_OCP_NLBLOCKS.cc in Sources */,
				D947B4F6238F0DEA00A77EEE /* gtocX_2burn_pars_dll_pins.cc in Sources */,
				D947B547238F0F9900A77EEE /* Indirect_OCP.cc in Sources */,
				D947B4FA238F0DFA00A77EEE /* gtocX_2burn_pars_Main.cc in Sources */,
				D947B4F2238F0DEA00A77EEE /* gtocX_2burn_pars_Methods_ODE.cc in Sources */,
				D947B542238F0F9900A77EEE /* Discretized_Indirect_OCP_Guess.cc in Sources */,
			);
			runOnlyForDeploymentPostprocessing = 0;
		};
/* End PBXSourcesBuildPhase section */

/* Begin XCBuildConfiguration section */
		D95CE571238B1F84004B795F /* Debug */ = {
			isa = XCBuildConfiguration;
			buildSettings = {
				ALWAYS_SEARCH_USER_PATHS = NO;
				CLANG_ANALYZER_NONNULL = YES;
				CLANG_ANALYZER_NUMBER_OBJECT_CONVERSION = YES_AGGRESSIVE;
				CLANG_CXX_LANGUAGE_STANDARD = "c++0x";
				CLANG_CXX_LIBRARY = "libc++";
				CLANG_ENABLE_MODULES = YES;
				CLANG_ENABLE_OBJC_ARC = YES;
				CLANG_ENABLE_OBJC_WEAK = YES;
				CLANG_WARN_BLOCK_CAPTURE_AUTORELEASING = YES;
				CLANG_WARN_BOOL_CONVERSION = YES;
				CLANG_WARN_COMMA = YES;
				CLANG_WARN_CONSTANT_CONVERSION = YES;
				CLANG_WARN_DEPRECATED_OBJC_IMPLEMENTATIONS = YES;
				CLANG_WARN_DIRECT_OBJC_ISA_USAGE = YES_ERROR;
				CLANG_WARN_DOCUMENTATION_COMMENTS = YES;
				CLANG_WARN_EMPTY_BODY = YES;
				CLANG_WARN_ENUM_CONVERSION = YES;
				CLANG_WARN_INFINITE_RECURSION = YES;
				CLANG_WARN_INT_CONVERSION = YES;
				CLANG_WARN_NON_LITERAL_NULL_CONVERSION = YES;
				CLANG_WARN_OBJC_IMPLICIT_RETAIN_SELF = YES;
				CLANG_WARN_OBJC_LITERAL_CONVERSION = YES;
				CLANG_WARN_OBJC_ROOT_CLASS = YES_ERROR;
				CLANG_WARN_RANGE_LOOP_ANALYSIS = YES;
				CLANG_WARN_STRICT_PROTOTYPES = YES;
				CLANG_WARN_SUSPICIOUS_MOVE = YES;
				CLANG_WARN_UNGUARDED_AVAILABILITY = YES_AGGRESSIVE;
				CLANG_WARN_UNREACHABLE_CODE = YES;
				CLANG_WARN__DUPLICATE_METHOD_MATCH = YES;
				COPY_PHASE_STRIP = NO;
				DEBUG_INFORMATION_FORMAT = dwarf;
				ENABLE_STRICT_OBJC_MSGSEND = YES;
				ENABLE_TESTABILITY = YES;
				GCC_C_LANGUAGE_STANDARD = gnu11;
				GCC_DYNAMIC_NO_PIC = NO;
				GCC_NO_COMMON_BLOCKS = YES;
				GCC_OPTIMIZATION_LEVEL = 0;
				GCC_PREPROCESSOR_DEFINITIONS = (
					"DEBUG=1",
					"$(inherited)",
				);
				GCC_WARN_64_TO_32_BIT_CONVERSION = YES;
				GCC_WARN_ABOUT_RETURN_TYPE = YES_ERROR;
				GCC_WARN_UNDECLARED_SELECTOR = YES;
				GCC_WARN_UNINITIALIZED_AUTOS = YES_AGGRESSIVE;
				GCC_WARN_UNUSED_FUNCTION = YES;
				GCC_WARN_UNUSED_VARIABLE = YES;
				LIBRARY_SEARCH_PATHS = "/Users/enrico/Ricerca/develop/C++/pins-mechatronix/LibSources/os_mac/lib";
				MACOSX_DEPLOYMENT_TARGET = 10.15;
				MTL_ENABLE_DEBUG_INFO = INCLUDE_SOURCE;
				MTL_FAST_MATH = YES;
				ONLY_ACTIVE_ARCH = YES;
				SDKROOT = macosx;
				STRIP_INSTALLED_PRODUCT = NO;
				SYSTEM_HEADER_SEARCH_PATHS = "/Users/enrico/Ricerca/develop/C++/pins-mechatronix/LibSources/src";
			};
			name = Debug;
		};
		D95CE572238B1F84004B795F /* Release */ = {
			isa = XCBuildConfiguration;
			buildSettings = {
				ALWAYS_SEARCH_USER_PATHS = NO;
				CLANG_ANALYZER_NONNULL = YES;
				CLANG_ANALYZER_NUMBER_OBJECT_CONVERSION = YES_AGGRESSIVE;
				CLANG_CXX_LANGUAGE_STANDARD = "c++0x";
				CLANG_CXX_LIBRARY = "libc++";
				CLANG_ENABLE_MODULES = YES;
				CLANG_ENABLE_OBJC_ARC = YES;
				CLANG_ENABLE_OBJC_WEAK = YES;
				CLANG_WARN_BLOCK_CAPTURE_AUTORELEASING = YES;
				CLANG_WARN_BOOL_CONVERSION = YES;
				CLANG_WARN_COMMA = YES;
				CLANG_WARN_CONSTANT_CONVERSION = YES;
				CLANG_WARN_DEPRECATED_OBJC_IMPLEMENTATIONS = YES;
				CLANG_WARN_DIRECT_OBJC_ISA_USAGE = YES_ERROR;
				CLANG_WARN_DOCUMENTATION_COMMENTS = YES;
				CLANG_WARN_EMPTY_BODY = YES;
				CLANG_WARN_ENUM_CONVERSION = YES;
				CLANG_WARN_INFINITE_RECURSION = YES;
				CLANG_WARN_INT_CONVERSION = YES;
				CLANG_WARN_NON_LITERAL_NULL_CONVERSION = YES;
				CLANG_WARN_OBJC_IMPLICIT_RETAIN_SELF = YES;
				CLANG_WARN_OBJC_LITERAL_CONVERSION = YES;
				CLANG_WARN_OBJC_ROOT_CLASS = YES_ERROR;
				CLANG_WARN_RANGE_LOOP_ANALYSIS = YES;
				CLANG_WARN_STRICT_PROTOTYPES = YES;
				CLANG_WARN_SUSPICIOUS_MOVE = YES;
				CLANG_WARN_UNGUARDED_AVAILABILITY = YES_AGGRESSIVE;
				CLANG_WARN_UNREACHABLE_CODE = YES;
				CLANG_WARN__DUPLICATE_METHOD_MATCH = YES;
				COPY_PHASE_STRIP = NO;
				DEBUG_INFORMATION_FORMAT = "dwarf-with-dsym";
				ENABLE_NS_ASSERTIONS = NO;
				ENABLE_STRICT_OBJC_MSGSEND = YES;
				GCC_C_LANGUAGE_STANDARD = gnu11;
				GCC_NO_COMMON_BLOCKS = YES;
				GCC_OPTIMIZATION_LEVEL = 2;
				GCC_WARN_64_TO_32_BIT_CONVERSION = YES;
				GCC_WARN_ABOUT_RETURN_TYPE = YES_ERROR;
				GCC_WARN_UNDECLARED_SELECTOR = YES;
				GCC_WARN_UNINITIALIZED_AUTOS = YES_AGGRESSIVE;
				GCC_WARN_UNUSED_FUNCTION = YES;
				GCC_WARN_UNUSED_VARIABLE = YES;
				LIBRARY_SEARCH_PATHS = "/Users/enrico/Ricerca/develop/C++/pins-mechatronix/LibSources/os_mac/lib";
				MACOSX_DEPLOYMENT_TARGET = 10.15;
				MTL_ENABLE_DEBUG_INFO = NO;
				MTL_FAST_MATH = YES;
				SDKROOT = macosx;
				STRIP_INSTALLED_PRODUCT = NO;
				SYSTEM_HEADER_SEARCH_PATHS = "/Users/enrico/Ricerca/develop/C++/pins-mechatronix/LibSources/src";
			};
			name = Release;
		};
		D95CE574238B1F84004B795F /* Debug */ = {
			isa = XCBuildConfiguration;
			buildSettings = {
				CODE_SIGN_STYLE = Automatic;
				FRAMEWORK_SEARCH_PATHS = (
					"$(inherited)",
					"$(LOCAL_LIBRARY_DIR)/Frameworks",
				);
				PRODUCT_NAME = "$(TARGET_NAME)";
			};
			name = Debug;
		};
		D95CE575238B1F84004B795F /* Release */ = {
			isa = XCBuildConfiguration;
			buildSettings = {
				CODE_SIGN_STYLE = Automatic;
				FRAMEWORK_SEARCH_PATHS = (
					"$(inherited)",
					"$(LOCAL_LIBRARY_DIR)/Frameworks",
				);
				PRODUCT_NAME = "$(TARGET_NAME)";
			};
			name = Release;
		};
/* End XCBuildConfiguration section */

/* Begin XCConfigurationList section */
		D95CE567238B1F84004B795F /* Build configuration list for PBXProject "GTOC" */ = {
			isa = XCConfigurationList;
			buildConfigurations = (
				D95CE571238B1F84004B795F /* Debug */,
				D95CE572238B1F84004B795F /* Release */,
			);
			defaultConfigurationIsVisible = 0;
			defaultConfigurationName = Release;
		};
		D95CE573238B1F84004B795F /* Build configuration list for PBXNativeTarget "GTOC" */ = {
			isa = XCConfigurationList;
			buildConfigurations = (
				D95CE574238B1F84004B795F /* Debug */,
				D95CE575238B1F84004B795F /* Release */,
			);
			defaultConfigurationIsVisible = 0;
			defaultConfigurationName = Release;
		};
/* End XCConfigurationList section */
	};
	rootObject = D95CE564238B1F84004B795F /* Project object */;
}
