<?xml version="1.0" encoding="UTF-8"?>
<Scheme
   LastUpgradeVersion="1340"
   version="1.3"
   >
   <BuildAction
      parallelizeBuildables="YES"
      buildImplicitDependencies="YES"
      >
      <BuildActionEntries>
         <BuildActionEntry
            buildForTesting="YES"
            buildForRunning="YES"
            buildForProfiling="YES"
            buildForArchiving="YES"
            buildForAnalyzing="YES"
            >
            <BuildableReference
               BuildableIdentifier="primary"
               BlueprintIdentifier="AE84CFFD34F64BE4BF497F59"
               BuildableName="main"
               BlueprintName="main"
               ReferencedContainer="container:Xcode/Brachiostocrona.xcodeproj"/>
         </BuildActionEntry>
      </BuildActionEntries>
   </BuildAction>
   <TestAction
      buildConfiguration="Debug"
      selectedDebuggerIdentifier="Xcode.DebuggerFoundation.Debugger.LLDB"
      selectedLauncherIdentifier="Xcode.DebuggerFoundation.Launcher.LLDB"
      shouldUseLaunchSchemeArgsEnv="YES"
      >
      <Testables/>
      <MacroExpansion>
         <BuildableReference
            BuildableIdentifier="primary"
            BlueprintIdentifier="AE84CFFD34F64BE4BF497F59"
            BuildableName="main"
            BlueprintName="main"
            ReferencedContainer="container:Xcode/Brachiostocrona.xcodeproj"/>
      </MacroExpansion>
      <AdditionalOptions/>
   </TestAction>
   <LaunchAction
      buildConfiguration="Debug"
      selectedDebuggerIdentifier="Xcode.DebuggerFoundation.Debugger.LLDB"
      selectedLauncherIdentifier="Xcode.DebuggerFoundation.Launcher.LLDB"
      launchStyle="0"
      useCustomWorkingDirectory="YES"
      customWorkingDirectory="/Users/enrico/Ricerca/develop/PINS/pins-mechatronix/tests/OCP/test-Brachiostocrona/generated_code"
      ignoresPersistentStateOnLaunch="NO"
      debugDocumentVersioning="YES"
      debugServiceExtension="internal"
      allowLocationSimulation="YES"
      >
      <BuildableProductRunnable
         runnableDebuggingMode="0"
         >
         <BuildableReference
            BuildableIdentifier="primary"
            BlueprintIdentifier="AE84CFFD34F64BE4BF497F59"
            BuildableName="main"
            BlueprintName="main"
            ReferencedContainer="container:Xcode/Brachiostocrona.xcodeproj"/>
      </BuildableProductRunnable>
      <AdditionalOptions/>
   </LaunchAction>
   <ProfileAction
      buildConfiguration="Release"
      shouldUseLaunchSchemeArgsEnv="YES"
      savedToolIdentifier=""
      useCustomWorkingDirectory="YES"
      customWorkingDirectory="/Users/enrico/Ricerca/develop/PINS/pins-mechatronix/tests/OCP/test-Brachiostocrona/generated_code"
      debugDocumentVersioning="YES"/>
   <AnalyzeAction
      buildConfiguration="Debug"/>
   <ArchiveAction
      buildConfiguration="Release"
      revealArchiveInOrganizer="YES"/>
</Scheme>