// !$*UTF8*$!
{
	archiveVersion = 1;
	classes = {
	};
	objectVersion = 50;
	objects = {

/* Begin PBXBuildFile section */
		D994610720A5B84A0017D350 /* Train_Main.cc in Sources */ = {isa = PBXBuildFile; fileRef = D994610620A5B84A0017D350 /* Train_Main.cc */; };
		D994610A20A5B85D0017D350 /* Accelerate.framework in Frameworks */ = {isa = PBXBuildFile; fileRef = D994610920A5B85D0017D350 /* Accelerate.framework */; };
		D994611E20A5B8C80017D350 /* Train_Guess.cc in Sources */ = {isa = PBXBuildFile; fileRef = D994611420A5B8C80017D350 /* Train_Guess.cc */; };
		D994611F20A5B8C80017D350 /* Train_dll_ruby.cc in Sources */ = {isa = PBXBuildFile; fileRef = D994611520A5B8C80017D350 /* Train_dll_ruby.cc */; };
		D994612020A5B8C80017D350 /* Train_dll_pins.cc in Sources */ = {isa = PBXBuildFile; fileRef = D994611620A5B8C80017D350 /* Train_dll_pins.cc */; };
		D994612120A5B8C80017D350 /* Train.cc in Sources */ = {isa = PBXBuildFile; fileRef = D994611720A5B8C80017D350 /* Train.cc */; };
		D994612320A5B8C80017D350 /* Train_Methods.cc in Sources */ = {isa = PBXBuildFile; fileRef = D994611B20A5B8C80017D350 /* Train_Methods.cc */; };
		D994612420A5B8C80017D350 /* hfun.cc in Sources */ = {isa = PBXBuildFile; fileRef = D994611C20A5B8C80017D350 /* hfun.cc */; };
		D9E15D8120A84B7A005077D9 /* MechatronixSolver.framework in Frameworks */ = {isa = PBXBuildFile; fileRef = D9E15D7E20A84B7A005077D9 /* MechatronixSolver.framework */; };
		D9E15D8220A84B7A005077D9 /* MechatronixCore.framework in Frameworks */ = {isa = PBXBuildFile; fileRef = D9E15D7F20A84B7A005077D9 /* MechatronixCore.framework */; };
		D9E15D8320A84B7A005077D9 /* MechatronixInterfaceMruby.framework in Frameworks */ = {isa = PBXBuildFile; fileRef = D9E15D8020A84B7A005077D9 /* MechatronixInterfaceMruby.framework */; };
/* End PBXBuildFile section */

/* Begin PBXCopyFilesBuildPhase section */
		D99460EE20A5B8150017D350 /* CopyFiles */ = {
			isa = PBXCopyFilesBuildPhase;
			buildActionMask = 2147483647;
			dstPath = /usr/share/man/man1/;
			dstSubfolderSpec = 0;
			files = (
			);
			runOnlyForDeploymentPostprocessing = 1;
		};
/* End PBXCopyFilesBuildPhase section */

/* Begin PBXFileReference section */
		D99460F020A5B8150017D350 /* train */ = {isa = PBXFileReference; explicitFileType = "compiled.mach-o.executable"; includeInIndex = 0; path = train; sourceTree = BUILT_PRODUCTS_DIR; };
		D994610620A5B84A0017D350 /* Train_Main.cc */ = {isa = PBXFileReference; fileEncoding = 4; lastKnownFileType = sourcecode.cpp.cpp; name = Train_Main.cc; path = "ocp-interfaces/cpp/Train_Main.cc"; sourceTree = "<group>"; };
		D994610920A5B85D0017D350 /* Accelerate.framework */ = {isa = PBXFileReference; lastKnownFileType = wrapper.framework; name = Accelerate.framework; path = System/Library/Frameworks/Accelerate.framework; sourceTree = SDKROOT; };
		D994611320A5B8C80017D350 /* Train.hh */ = {isa = PBXFileReference; fileEncoding = 4; lastKnownFileType = sourcecode.cpp.h; path = Train.hh; sourceTree = "<group>"; };
		D994611420A5B8C80017D350 /* Train_Guess.cc */ = {isa = PBXFileReference; fileEncoding = 4; lastKnownFileType = sourcecode.cpp.cpp; path = Train_Guess.cc; sourceTree = "<group>"; };
		D994611520A5B8C80017D350 /* Train_dll_ruby.cc */ = {isa = PBXFileReference; fileEncoding = 4; lastKnownFileType = sourcecode.cpp.cpp; path = Train_dll_ruby.cc; sourceTree = "<group>"; };
		D994611620A5B8C80017D350 /* Train_dll_pins.cc */ = {isa = PBXFileReference; fileEncoding = 4; lastKnownFileType = sourcecode.cpp.cpp; path = Train_dll_pins.cc; sourceTree = "<group>"; };
		D994611720A5B8C80017D350 /* Train.cc */ = {isa = PBXFileReference; fileEncoding = 4; lastKnownFileType = sourcecode.cpp.cpp; path = Train.cc; sourceTree = "<group>"; };
		D994611820A5B8C80017D350 /* Train_Pars.hh */ = {isa = PBXFileReference; fileEncoding = 4; lastKnownFileType = sourcecode.cpp.h; path = Train_Pars.hh; sourceTree = "<group>"; };
		D994611B20A5B8C80017D350 /* Train_Methods.cc */ = {isa = PBXFileReference; fileEncoding = 4; lastKnownFileType = sourcecode.cpp.cpp; path = Train_Methods.cc; sourceTree = "<group>"; };
		D994611C20A5B8C80017D350 /* hfun.cc */ = {isa = PBXFileReference; fileEncoding = 4; lastKnownFileType = sourcecode.cpp.cpp; path = hfun.cc; sourceTree = "<group>"; };
		D9E15D7E20A84B7A005077D9 /* MechatronixSolver.framework */ = {isa = PBXFileReference; lastKnownFileType = wrapper.framework; name = MechatronixSolver.framework; path = ../../../../../../../../../Library/Frameworks/MechatronixSolver.framework; sourceTree = "<group>"; };
		D9E15D7F20A84B7A005077D9 /* MechatronixCore.framework */ = {isa = PBXFileReference; lastKnownFileType = wrapper.framework; name = MechatronixCore.framework; path = ../../../../../../../../../Library/Frameworks/MechatronixCore.framework; sourceTree = "<group>"; };
		D9E15D8020A84B7A005077D9 /* MechatronixInterfaceMruby.framework */ = {isa = PBXFileReference; lastKnownFileType = wrapper.framework; name = MechatronixInterfaceMruby.framework; path = ../../../../../../../../../Library/Frameworks/MechatronixInterfaceMruby.framework; sourceTree = "<group>"; };
/* End PBXFileReference section */

/* Begin PBXFrameworksBuildPhase section */
		D99460ED20A5B8150017D350 /* Frameworks */ = {
			isa = PBXFrameworksBuildPhase;
			buildActionMask = 2147483647;
			files = (
				D9E15D8120A84B7A005077D9 /* MechatronixSolver.framework in Frameworks */,
				D9E15D8220A84B7A005077D9 /* MechatronixCore.framework in Frameworks */,
				D9E15D8320A84B7A005077D9 /* MechatronixInterfaceMruby.framework in Frameworks */,
				D994610A20A5B85D0017D350 /* Accelerate.framework in Frameworks */,
			);
			runOnlyForDeploymentPostprocessing = 0;
		};
/* End PBXFrameworksBuildPhase section */

/* Begin PBXGroup section */
		D99460E720A5B8150017D350 = {
			isa = PBXGroup;
			children = (
				D99460F120A5B8150017D350 /* Products */,
				D994610620A5B84A0017D350 /* Train_Main.cc */,
				D994611220A5B8C80017D350 /* ocp-src */,
				D994610820A5B85D0017D350 /* Frameworks */,
			);
			sourceTree = "<group>";
		};
		D99460F120A5B8150017D350 /* Products */ = {
			isa = PBXGroup;
			children = (
				D99460F020A5B8150017D350 /* train */,
			);
			name = Products;
			sourceTree = "<group>";
		};
		D994610820A5B85D0017D350 /* Frameworks */ = {
			isa = PBXGroup;
			children = (
				D9E15D7F20A84B7A005077D9 /* MechatronixCore.framework */,
				D9E15D8020A84B7A005077D9 /* MechatronixInterfaceMruby.framework */,
				D9E15D7E20A84B7A005077D9 /* MechatronixSolver.framework */,
				D994610920A5B85D0017D350 /* Accelerate.framework */,
			);
			name = Frameworks;
			sourceTree = "<group>";
		};
		D994611220A5B8C80017D350 /* ocp-src */ = {
			isa = PBXGroup;
			children = (
				D994611320A5B8C80017D350 /* Train.hh */,
				D994611420A5B8C80017D350 /* Train_Guess.cc */,
				D994611520A5B8C80017D350 /* Train_dll_ruby.cc */,
				D994611620A5B8C80017D350 /* Train_dll_pins.cc */,
				D994611720A5B8C80017D350 /* Train.cc */,
				D994611820A5B8C80017D350 /* Train_Pars.hh */,
				D994611B20A5B8C80017D350 /* Train_Methods.cc */,
				D994611C20A5B8C80017D350 /* hfun.cc */,
			);
			path = "ocp-src";
			sourceTree = "<group>";
		};
/* End PBXGroup section */

/* Begin PBXNativeTarget section */
		D99460EF20A5B8150017D350 /* train */ = {
			isa = PBXNativeTarget;
			buildConfigurationList = D99460F720A5B8150017D350 /* Build configuration list for PBXNativeTarget "train" */;
			buildPhases = (
				D99460EC20A5B8150017D350 /* Sources */,
				D99460ED20A5B8150017D350 /* Frameworks */,
				D99460EE20A5B8150017D350 /* CopyFiles */,
			);
			buildRules = (
			);
			dependencies = (
			);
			name = train;
			productName = train;
			productReference = D99460F020A5B8150017D350 /* train */;
			productType = "com.apple.product-type.tool";
		};
/* End PBXNativeTarget section */

/* Begin PBXProject section */
		D99460E820A5B8150017D350 /* Project object */ = {
			isa = PBXProject;
			attributes = {
				LastUpgradeCheck = 0940;
				ORGANIZATIONNAME = "Enrico Bertolazzilambert";
				TargetAttributes = {
					D99460EF20A5B8150017D350 = {
						CreatedOnToolsVersion = 9.3;
					};
				};
			};
			buildConfigurationList = D99460EB20A5B8150017D350 /* Build configuration list for PBXProject "train" */;
			compatibilityVersion = "Xcode 9.3";
			developmentRegion = en;
			hasScannedForEncodings = 0;
			knownRegions = (
				en,
			);
			mainGroup = D99460E720A5B8150017D350;
			productRefGroup = D99460F120A5B8150017D350 /* Products */;
			projectDirPath = "";
			projectRoot = "";
			targets = (
				D99460EF20A5B8150017D350 /* train */,
			);
		};
/* End PBXProject section */

/* Begin PBXSourcesBuildPhase section */
		D99460EC20A5B8150017D350 /* Sources */ = {
			isa = PBXSourcesBuildPhase;
			buildActionMask = 2147483647;
			files = (
				D994611F20A5B8C80017D350 /* Train_dll_ruby.cc in Sources */,
				D994612320A5B8C80017D350 /* Train_Methods.cc in Sources */,
				D994612120A5B8C80017D350 /* Train.cc in Sources */,
				D994612420A5B8C80017D350 /* hfun.cc in Sources */,
				D994611E20A5B8C80017D350 /* Train_Guess.cc in Sources */,
				D994610720A5B84A0017D350 /* Train_Main.cc in Sources */,
				D994612020A5B8C80017D350 /* Train_dll_pins.cc in Sources */,
			);
			runOnlyForDeploymentPostprocessing = 0;
		};
/* End PBXSourcesBuildPhase section */

/* Begin XCBuildConfiguration section */
		D99460F520A5B8150017D350 /* Debug */ = {
			isa = XCBuildConfiguration;
			buildSettings = {
				CLANG_ANALYZER_NONNULL = YES;
				CLANG_ANALYZER_NUMBER_OBJECT_CONVERSION = YES_AGGRESSIVE;
				CLANG_CXX_LANGUAGE_STANDARD = "c++0x";
				CLANG_CXX_LIBRARY = "libc++";
				CLANG_WARN_BLOCK_CAPTURE_AUTORELEASING = YES;
				CLANG_WARN_BOOL_CONVERSION = YES;
				CLANG_WARN_COMMA = YES;
				CLANG_WARN_CONSTANT_CONVERSION = YES;
				CLANG_WARN_DEPRECATED_OBJC_IMPLEMENTATIONS = YES;
				CLANG_WARN_DIRECT_OBJC_ISA_USAGE = YES_ERROR;
				CLANG_WARN_DOCUMENTATION_COMMENTS = YES;
				CLANG_WARN_EMPTY_BODY = YES;
				CLANG_WARN_ENUM_CONVERSION = YES;
				CLANG_WARN_INFINITE_RECURSION = YES;
				CLANG_WARN_INT_CONVERSION = YES;
				CLANG_WARN_NON_LITERAL_NULL_CONVERSION = YES;
				CLANG_WARN_OBJC_IMPLICIT_RETAIN_SELF = YES;
				CLANG_WARN_OBJC_LITERAL_CONVERSION = YES;
				CLANG_WARN_OBJC_ROOT_CLASS = YES_ERROR;
				CLANG_WARN_RANGE_LOOP_ANALYSIS = YES;
				CLANG_WARN_STRICT_PROTOTYPES = YES;
				CLANG_WARN_SUSPICIOUS_MOVE = YES;
				CLANG_WARN_UNGUARDED_AVAILABILITY = YES_AGGRESSIVE;
				CLANG_WARN_UNREACHABLE_CODE = YES;
				CLANG_WARN__DUPLICATE_METHOD_MATCH = YES;
				DEBUG_INFORMATION_FORMAT = dwarf;
				GCC_C_LANGUAGE_STANDARD = gnu11;
				GCC_NO_COMMON_BLOCKS = YES;
				GCC_OPTIMIZATION_LEVEL = 0;
				GCC_PREPROCESSOR_DEFINITIONS = (
					"ENABLE_READLINE=1",
					"MECHATRONIX_USE_KEYLOCK=1",
					"DEBUG=1",
					"$(inherited)",
				);
				GCC_WARN_64_TO_32_BIT_CONVERSION = YES;
				GCC_WARN_ABOUT_RETURN_TYPE = YES_ERROR;
				GCC_WARN_UNDECLARED_SELECTOR = YES;
				GCC_WARN_UNINITIALIZED_AUTOS = YES_AGGRESSIVE;
				GCC_WARN_UNUSED_FUNCTION = YES;
				GCC_WARN_UNUSED_VARIABLE = YES;
				MTL_ENABLE_DEBUG_INFO = YES;
			};
			name = Debug;
		};
		D99460F620A5B8150017D350 /* Release */ = {
			isa = XCBuildConfiguration;
			buildSettings = {
				CLANG_ANALYZER_NONNULL = YES;
				CLANG_ANALYZER_NUMBER_OBJECT_CONVERSION = YES_AGGRESSIVE;
				CLANG_CXX_LANGUAGE_STANDARD = "c++0x";
				CLANG_CXX_LIBRARY = "libc++";
				CLANG_WARN_BLOCK_CAPTURE_AUTORELEASING = YES;
				CLANG_WARN_BOOL_CONVERSION = YES;
				CLANG_WARN_COMMA = YES;
				CLANG_WARN_CONSTANT_CONVERSION = YES;
				CLANG_WARN_DEPRECATED_OBJC_IMPLEMENTATIONS = YES;
				CLANG_WARN_DIRECT_OBJC_ISA_USAGE = YES_ERROR;
				CLANG_WARN_DOCUMENTATION_COMMENTS = YES;
				CLANG_WARN_EMPTY_BODY = YES;
				CLANG_WARN_ENUM_CONVERSION = YES;
				CLANG_WARN_INFINITE_RECURSION = YES;
				CLANG_WARN_INT_CONVERSION = YES;
				CLANG_WARN_NON_LITERAL_NULL_CONVERSION = YES;
				CLANG_WARN_OBJC_IMPLICIT_RETAIN_SELF = YES;
				CLANG_WARN_OBJC_LITERAL_CONVERSION = YES;
				CLANG_WARN_OBJC_ROOT_CLASS = YES_ERROR;
				CLANG_WARN_RANGE_LOOP_ANALYSIS = YES;
				CLANG_WARN_STRICT_PROTOTYPES = YES;
				CLANG_WARN_SUSPICIOUS_MOVE = YES;
				CLANG_WARN_UNGUARDED_AVAILABILITY = YES_AGGRESSIVE;
				CLANG_WARN_UNREACHABLE_CODE = YES;
				CLANG_WARN__DUPLICATE_METHOD_MATCH = YES;
				DEBUG_INFORMATION_FORMAT = "dwarf-with-dsym";
				GCC_C_LANGUAGE_STANDARD = gnu11;
				GCC_NO_COMMON_BLOCKS = YES;
				GCC_PREPROCESSOR_DEFINITIONS = (
					"ENABLE_READLINE=1",
					"MECHATRONIX_USE_KEYLOCK=1",
				);
				GCC_WARN_64_TO_32_BIT_CONVERSION = YES;
				GCC_WARN_ABOUT_RETURN_TYPE = YES_ERROR;
				GCC_WARN_UNDECLARED_SELECTOR = YES;
				GCC_WARN_UNINITIALIZED_AUTOS = YES_AGGRESSIVE;
				GCC_WARN_UNUSED_FUNCTION = YES;
				GCC_WARN_UNUSED_VARIABLE = YES;
				MTL_ENABLE_DEBUG_INFO = NO;
			};
			name = Release;
		};
		D99460F820A5B8150017D350 /* Debug */ = {
			isa = XCBuildConfiguration;
			buildSettings = {
				FRAMEWORK_SEARCH_PATHS = (
					"$(inherited)",
					"$(LOCAL_LIBRARY_DIR)/Frameworks",
				);
				PRODUCT_NAME = "$(TARGET_NAME)";
			};
			name = Debug;
		};
		D99460F920A5B8150017D350 /* Release */ = {
			isa = XCBuildConfiguration;
			buildSettings = {
				FRAMEWORK_SEARCH_PATHS = (
					"$(inherited)",
					"$(LOCAL_LIBRARY_DIR)/Frameworks",
				);
				PRODUCT_NAME = "$(TARGET_NAME)";
			};
			name = Release;
		};
/* End XCBuildConfiguration section */

/* Begin XCConfigurationList section */
		D99460EB20A5B8150017D350 /* Build configuration list for PBXProject "train" */ = {
			isa = XCConfigurationList;
			buildConfigurations = (
				D99460F520A5B8150017D350 /* Debug */,
				D99460F620A5B8150017D350 /* Release */,
			);
			defaultConfigurationIsVisible = 0;
			defaultConfigurationName = Release;
		};
		D99460F720A5B8150017D350 /* Build configuration list for PBXNativeTarget "train" */ = {
			isa = XCConfigurationList;
			buildConfigurations = (
				D99460F820A5B8150017D350 /* Debug */,
				D99460F920A5B8150017D350 /* Release */,
			);
			defaultConfigurationIsVisible = 0;
			defaultConfigurationName = Release;
		};
/* End XCConfigurationList section */
	};
	rootObject = D99460E820A5B8150017D350 /* Project object */;
}
